{
  "object": {
    "pins": [
      {
        "package": "RDError",
        "repositoryURL": "git@github.com:drrost/swift-error.git",
        "state": {
          "branch": null,
          "revision": "093f2e8a484b601b119add0c0798e4ab190fbf1a",
          "version": "1.0.4"
        }
      },
      {
        "package": "ExtensionsFoundation",
        "repositoryURL": "git@github.com:drrost/swift-extensions-foundation.git",
        "state": {
          "branch": null,
          "revision": "0fc21e54a7ae0c09d6a354a0ceb63efacfe78b0d",
          "version": "1.2.6"
        }
      }
    ]
  },
  "version": 1
}
